<Solution>
  <Folder Name="/src/">
    <Project Path="QuartzDashboard.Abstractions/QuartzDashboard.Abstractions.csproj" />
    <Project Path="QuartzDashboard/QuartzDashboard.csproj" />
    <Project Path="QuartzDashboard.Sqlite/QuartzDashboard.Sqlite.csproj" />
  </Folder>
  <Folder Name="/tests/">
    <Project Path="QuartzDashboard.Tests/QuartzDashboard.Tests.csproj" />
  </Folder>
  <Folder Name="/integration-tests/">
    <Project Path="QuartzDashboard.IntegrationTests/QuartzDashboard.IntegrationTests.csproj" />
  </Folder>
  <Folder Name="/demo/">
    <Project Path="QuartzDashboard.Demo/QuartzDashboard.Demo.csproj" />
  </Folder>
  <Folder Name="/sample/">
    <Project Path="QuartzDashboard.Sample/QuartzDashboard.Sample.csproj" />
  </Folder>
</Solution>
